
Microsoft Visual Studio Solution File, Format Version 12.00
# Visual Studio Version 17
VisualStudioVersion = 17.0.32112.339
MinimumVisualStudioVersion = 10.0.40219.1
Project("{8BC9CEB8-8B4A-11D0-8D11-00A0C91BC942}") = "My_Game", "My_Game\My_Game.vcxproj", "{B65835DA-E4CB-4F03-887C-EAC7BBE5A4E6}"
EndProject
Global
	GlobalSection(SolutionConfigurationPlatforms) = preSolution
		Debug|x64 = Debug|x64
		Debug|x86 = Debug|x86
		Release|x64 = Release|x64
		Release|x86 = Release|x86
	EndGlobalSection
	GlobalSection(ProjectConfigurationPlatforms) = postSolution
		{B65835DA-E4CB-4F03-887C-EAC7BBE5A4E6}.Debug|x64.ActiveCfg = Debug|x64
		{B65835DA-E4CB-4F03-887C-EAC7BBE5A4E6}.Debug|x64.Build.0 = Debug|x64
		{B65835DA-E4CB-4F03-887C-EAC7BBE5A4E6}.Debug|x86.ActiveCfg = Debug|Win32
		{B65835DA-E4CB-4F03-887C-EAC7BBE5A4E6}.Debug|x86.Build.0 = Debug|Win32
		{B65835DA-E4CB-4F03-887C-EAC7BBE5A4E6}.Release|x64.ActiveCfg = Release|x64
		{B65835DA-E4CB-4F03-887C-EAC7BBE5A4E6}.Release|x64.Build.0 = Release|x64
		{B65835DA-E4CB-4F03-887C-EAC7BBE5A4E6}.Release|x86.ActiveCfg = Release|Win32
		{B65835DA-E4CB-4F03-887C-EAC7BBE5A4E6}.Release|x86.Build.0 = Release|Win32
	EndGlobalSection
	GlobalSection(SolutionProperties) = preSolution
		HideSolutionNode = FALSE
	EndGlobalSection
	GlobalSection(ExtensibilityGlobals) = postSolution
		SolutionGuid = {A1444B55-77BF-459B-8D41-F0A0242B7D08}
	EndGlobalSection
EndGlobal
